
Microsoft Visual Studio Solution File, Format Version 12.00
# Visual Studio 15
VisualStudioVersion = 15.0.28307.136
MinimumVisualStudioVersion = 10.0.40219.1
Project("{FAE04EC0-301F-11D3-BF4B-00C04F79EFBC}") = "Api", "Api\Api.csproj", "{C8A8C441-0436-400A-82F8-6F45AD872F8A}"
EndProject
Global
	GlobalSection(SolutionConfigurationPlatforms) = preSolution
		Debug|Any CPU = Debug|Any CPU
		Release|Any CPU = Release|Any CPU
	EndGlobalSection
	GlobalSection(ProjectConfigurationPlatforms) = postSolution
		{C8A8C441-0436-400A-82F8-6F45AD872F8A}.Debug|Any CPU.ActiveCfg = Debug|Any CPU
		{C8A8C441-0436-400A-82F8-6F45AD872F8A}.Debug|Any CPU.Build.0 = Debug|Any CPU
		{C8A8C441-0436-400A-82F8-6F45AD872F8A}.Release|Any CPU.ActiveCfg = Release|Any CPU
		{C8A8C441-0436-400A-82F8-6F45AD872F8A}.Release|Any CPU.Build.0 = Release|Any CPU
	EndGlobalSection
	GlobalSection(SolutionProperties) = preSolution
		HideSolutionNode = FALSE
	EndGlobalSection
	GlobalSection(ExtensibilityGlobals) = postSolution
		SolutionGuid = {D2BCA0B9-39C1-47CB-B44B-E89F37152B46}
	EndGlobalSection
EndGlobal
