
Microsoft Visual Studio Solution File, Format Version 12.00
# Visual Studio 15
VisualStudioVersion = 15.0.28307.136
MinimumVisualStudioVersion = 10.0.40219.1
Project("{FAE04EC0-301F-11D3-BF4B-00C04F79EFBC}") = "MVCMultiTier", "MVCMultiTier\MVCMultiTier.csproj", "{D1E20841-6D9A-4669-BD12-5D0E2868B184}"
EndProject
Project("{FAE04EC0-301F-11D3-BF4B-00C04F79EFBC}") = "ContactMngmntSimplifiedLib", "ContactMngmntSimplified\ContactMngmntSimplifiedLib.csproj", "{F2C125DC-AD7E-4FE2-8322-01682D512F5A}"
EndProject
Global
	GlobalSection(SolutionConfigurationPlatforms) = preSolution
		Debug|Any CPU = Debug|Any CPU
		Release|Any CPU = Release|Any CPU
	EndGlobalSection
	GlobalSection(ProjectConfigurationPlatforms) = postSolution
		{D1E20841-6D9A-4669-BD12-5D0E2868B184}.Debug|Any CPU.ActiveCfg = Debug|Any CPU
		{D1E20841-6D9A-4669-BD12-5D0E2868B184}.Debug|Any CPU.Build.0 = Debug|Any CPU
		{D1E20841-6D9A-4669-BD12-5D0E2868B184}.Release|Any CPU.ActiveCfg = Release|Any CPU
		{D1E20841-6D9A-4669-BD12-5D0E2868B184}.Release|Any CPU.Build.0 = Release|Any CPU
		{F2C125DC-AD7E-4FE2-8322-01682D512F5A}.Debug|Any CPU.ActiveCfg = Debug|Any CPU
		{F2C125DC-AD7E-4FE2-8322-01682D512F5A}.Debug|Any CPU.Build.0 = Debug|Any CPU
		{F2C125DC-AD7E-4FE2-8322-01682D512F5A}.Release|Any CPU.ActiveCfg = Release|Any CPU
		{F2C125DC-AD7E-4FE2-8322-01682D512F5A}.Release|Any CPU.Build.0 = Release|Any CPU
	EndGlobalSection
	GlobalSection(SolutionProperties) = preSolution
		HideSolutionNode = FALSE
	EndGlobalSection
	GlobalSection(ExtensibilityGlobals) = postSolution
		SolutionGuid = {91D4ED10-52FE-417E-B28D-38CE81A330DD}
	EndGlobalSection
EndGlobal
