
Microsoft Visual Studio Solution File, Format Version 12.00
# Visual Studio 15
VisualStudioVersion = 15.0.28307.106
MinimumVisualStudioVersion = 10.0.40219.1
Project("{FAE04EC0-301F-11D3-BF4B-00C04F79EFBC}") = "HelloMVCBlank", "HelloMVCBlank\HelloMVCBlank.csproj", "{A86F83AB-E889-42D3-8FC7-E54AD17FAE0C}"
EndProject
Global
	GlobalSection(SolutionConfigurationPlatforms) = preSolution
		Debug|Any CPU = Debug|Any CPU
		Release|Any CPU = Release|Any CPU
	EndGlobalSection
	GlobalSection(ProjectConfigurationPlatforms) = postSolution
		{A86F83AB-E889-42D3-8FC7-E54AD17FAE0C}.Debug|Any CPU.ActiveCfg = Debug|Any CPU
		{A86F83AB-E889-42D3-8FC7-E54AD17FAE0C}.Debug|Any CPU.Build.0 = Debug|Any CPU
		{A86F83AB-E889-42D3-8FC7-E54AD17FAE0C}.Release|Any CPU.ActiveCfg = Release|Any CPU
		{A86F83AB-E889-42D3-8FC7-E54AD17FAE0C}.Release|Any CPU.Build.0 = Release|Any CPU
	EndGlobalSection
	GlobalSection(SolutionProperties) = preSolution
		HideSolutionNode = FALSE
	EndGlobalSection
	GlobalSection(ExtensibilityGlobals) = postSolution
		SolutionGuid = {EAB0FBBD-9125-4BD2-97EB-E9424E7BE6BA}
	EndGlobalSection
EndGlobal
