
Microsoft Visual Studio Solution File, Format Version 12.00
# Visual Studio 15
VisualStudioVersion = 15.0.28307.136
MinimumVisualStudioVersion = 10.0.40219.1
Project("{FAE04EC0-301F-11D3-BF4B-00C04F79EFBC}") = "BatchMngmntMultiTierWebDAL", "BatchMngmntMultiTier-DAL\BatchMngmntMultiTierWebDAL.csproj", "{B4DB7EB7-CDC6-4ED5-9729-A0E2CDBB332D}"
EndProject
Project("{FAE04EC0-301F-11D3-BF4B-00C04F79EFBC}") = "BatchMngmntDAL", "BatchMngmntDAL\BatchMngmntDAL.csproj", "{3F30A513-E745-41C4-8B1F-07ADADF07E14}"
EndProject
Project("{FAE04EC0-301F-11D3-BF4B-00C04F79EFBC}") = "WebApi", "WebApi\WebApi.csproj", "{29F84014-4272-4CC5-B274-3913586A755C}"
EndProject
Global
	GlobalSection(SolutionConfigurationPlatforms) = preSolution
		Debug|Any CPU = Debug|Any CPU
		Release|Any CPU = Release|Any CPU
	EndGlobalSection
	GlobalSection(ProjectConfigurationPlatforms) = postSolution
		{B4DB7EB7-CDC6-4ED5-9729-A0E2CDBB332D}.Debug|Any CPU.ActiveCfg = Debug|Any CPU
		{B4DB7EB7-CDC6-4ED5-9729-A0E2CDBB332D}.Debug|Any CPU.Build.0 = Debug|Any CPU
		{B4DB7EB7-CDC6-4ED5-9729-A0E2CDBB332D}.Release|Any CPU.ActiveCfg = Release|Any CPU
		{B4DB7EB7-CDC6-4ED5-9729-A0E2CDBB332D}.Release|Any CPU.Build.0 = Release|Any CPU
		{3F30A513-E745-41C4-8B1F-07ADADF07E14}.Debug|Any CPU.ActiveCfg = Debug|Any CPU
		{3F30A513-E745-41C4-8B1F-07ADADF07E14}.Debug|Any CPU.Build.0 = Debug|Any CPU
		{3F30A513-E745-41C4-8B1F-07ADADF07E14}.Release|Any CPU.ActiveCfg = Release|Any CPU
		{3F30A513-E745-41C4-8B1F-07ADADF07E14}.Release|Any CPU.Build.0 = Release|Any CPU
		{29F84014-4272-4CC5-B274-3913586A755C}.Debug|Any CPU.ActiveCfg = Debug|Any CPU
		{29F84014-4272-4CC5-B274-3913586A755C}.Debug|Any CPU.Build.0 = Debug|Any CPU
		{29F84014-4272-4CC5-B274-3913586A755C}.Release|Any CPU.ActiveCfg = Release|Any CPU
		{29F84014-4272-4CC5-B274-3913586A755C}.Release|Any CPU.Build.0 = Release|Any CPU
	EndGlobalSection
	GlobalSection(SolutionProperties) = preSolution
		HideSolutionNode = FALSE
	EndGlobalSection
	GlobalSection(ExtensibilityGlobals) = postSolution
		SolutionGuid = {3C379BE4-76C1-4113-BD0D-640D2709503F}
	EndGlobalSection
EndGlobal
